
Microsoft Visual Studio Solution File, Format Version 12.00
# Visual Studio Version 17
VisualStudioVersion = 17.9.34728.123
MinimumVisualStudioVersion = 10.0.40219.1
Project("{FAE04EC0-301F-11D3-BF4B-00C04F79EFBC}") = "Website", "Website.csproj", "{4EEABBBA-31DB-4ED4-8421-A28B9156F138}"
EndProject
Global
	GlobalSection(SolutionConfigurationPlatforms) = preSolution
		Debug|Any CPU = Debug|Any CPU
		Release|Any CPU = Release|Any CPU
	EndGlobalSection
	GlobalSection(ProjectConfigurationPlatforms) = postSolution
		{4EEABBBA-31DB-4ED4-8421-A28B9156F138}.Debug|Any CPU.ActiveCfg = Debug|Any CPU
		{4EEABBBA-31DB-4ED4-8421-A28B9156F138}.Debug|Any CPU.Build.0 = Debug|Any CPU
		{4EEABBBA-31DB-4ED4-8421-A28B9156F138}.Release|Any CPU.ActiveCfg = Release|Any CPU
		{4EEABBBA-31DB-4ED4-8421-A28B9156F138}.Release|Any CPU.Build.0 = Release|Any CPU
	EndGlobalSection
	GlobalSection(SolutionProperties) = preSolution
		HideSolutionNode = FALSE
	EndGlobalSection
	GlobalSection(ExtensibilityGlobals) = postSolution
		SolutionGuid = {2A46EA68-AC25-41F7-9EA7-AA4FE637664C}
	EndGlobalSection
EndGlobal
